{
  "name": "seedlands-mistreevous-admission",
  "version": "1.0.0",
  "lockfileVersion": 3,
  "requires": true,
  "packages": {
    "": {
      "name": "seedlands-mistreevous-admission",
      "version": "1.0.0",
      "dependencies": {
        "mistreevous": "4.3.1"
      }
    },
    "node_modules/lotto-draw": {
      "version": "1.0.2",
      "resolved": "https://registry.npmjs.org/lotto-draw/-/lotto-draw-1.0.2.tgz",
      "integrity": "sha512-1ih414A35BWpApfNlWAHBKOBLSxTj45crAJ+CMWF/kVY5nx6N22DA1OVF/FWW5WM5CGJbIMRh1O+xe8ukyoQ8Q==",
      "license": "MIT"
    },
    "node_modules/mistreevous": {
      "version": "4.3.1",
      "resolved": "https://registry.npmjs.org/mistreevous/-/mistreevous-4.3.1.tgz",
      "integrity": "sha512-AnDNOd8qGcBbz1fDRGYh5Kf+FodR4KcZyc+H4rPpFL7kdOAmGSwnpW57HwX9h0J8pDrj6FJRSAXdfqI6/N1UTw==",
      "license": "MIT",
      "dependencies": {
        "lotto-draw": "^1.0.2"
      }
    }
  }
}
